PODS:
  - EVReflection (5.6.1):
    - EVReflection/Core (= 5.6.1)
  - EVReflection/Core (5.6.1)
  - XDK (0.1.0):
    - EVReflection (~> 5.6)
    - XDP (~> 0.1)
  - XDP (0.1.0)

DEPENDENCIES:
  - XDK (from `../`)
  - XDP (from `/Users/baidu/Documents/xcodes/XDP/XDP`)

SPEC REPOS:
  https://github.com/CocoaPods/Specs.git:
    - EVReflection

EXTERNAL SOURCES:
  XDK:
    :path: "../"
  XDP:
    :path: "/Users/baidu/Documents/xcodes/XDP/XDP"

SPEC CHECKSUMS:
  EVReflection: d05ebbafc851b7a4cd3d625182662463a5819ab8
  XDK: 198d98ec93f2cd41b26dcfe9bb0e02efe2347786
  XDP: a9fe68c1fe472962c4347fbc78e362d23278723c

PODFILE CHECKSUM: bf14a869497f09fa735c82f13a3896d9bd140805

COCOAPODS: 1.5.0
